
Microsoft Visual Studio Solution File, Format Version 12.00
# Visual Studio 15
VisualStudioVersion = 15.0.28307.779
MinimumVisualStudioVersion = 10.0.40219.1
Project("{9A19103F-16F7-4668-BE54-9A1E7A4F7556}") = "WSiteAssignment.API", "WSiteAssignment.API\WSiteAssignment.API.csproj", "{ADDEB971-FB79-4FA3-ADBE-1945FC804E20}"
EndProject
Project("{9A19103F-16F7-4668-BE54-9A1E7A4F7556}") = "WSiteAssignment.Repository", "WSiteAssignment.Repository\WSiteAssignment.Repository.csproj", "{9F868932-8F37-4BC7-A554-C09431694E64}"
EndProject
Project("{9A19103F-16F7-4668-BE54-9A1E7A4F7556}") = "WSiteAssignment.Data", "WSiteAssignment.Data\WSiteAssignment.Data.csproj", "{6EA45D0E-D52D-4068-BB49-07A3AE55E8E8}"
EndProject
Project("{9A19103F-16F7-4668-BE54-9A1E7A4F7556}") = "WSiteAssignment.Models", "WSiteAssignment.Models\WSiteAssignment.Models.csproj", "{7F39E2F2-7CED-430E-BC21-1AAF8FC3EED3}"
EndProject
Project("{FAE04EC0-301F-11D3-BF4B-00C04F79EFBC}") = "WSiteAssignment.API.Test", "WSiteAssignment.API.Test\WSiteAssignment.API.Test.csproj", "{744732FE-2F1E-4C23-AF7F-5D34B4992513}"
EndProject
Global
	GlobalSection(SolutionConfigurationPlatforms) = preSolution
		Debug|Any CPU = Debug|Any CPU
		Release|Any CPU = Release|Any CPU
	EndGlobalSection
	GlobalSection(ProjectConfigurationPlatforms) = postSolution
		{ADDEB971-FB79-4FA3-ADBE-1945FC804E20}.Debug|Any CPU.ActiveCfg = Debug|Any CPU
		{ADDEB971-FB79-4FA3-ADBE-1945FC804E20}.Debug|Any CPU.Build.0 = Debug|Any CPU
		{ADDEB971-FB79-4FA3-ADBE-1945FC804E20}.Release|Any CPU.ActiveCfg = Release|Any CPU
		{ADDEB971-FB79-4FA3-ADBE-1945FC804E20}.Release|Any CPU.Build.0 = Release|Any CPU
		{9F868932-8F37-4BC7-A554-C09431694E64}.Debug|Any CPU.ActiveCfg = Debug|Any CPU
		{9F868932-8F37-4BC7-A554-C09431694E64}.Debug|Any CPU.Build.0 = Debug|Any CPU
		{9F868932-8F37-4BC7-A554-C09431694E64}.Release|Any CPU.ActiveCfg = Release|Any CPU
		{9F868932-8F37-4BC7-A554-C09431694E64}.Release|Any CPU.Build.0 = Release|Any CPU
		{6EA45D0E-D52D-4068-BB49-07A3AE55E8E8}.Debug|Any CPU.ActiveCfg = Debug|Any CPU
		{6EA45D0E-D52D-4068-BB49-07A3AE55E8E8}.Debug|Any CPU.Build.0 = Debug|Any CPU
		{6EA45D0E-D52D-4068-BB49-07A3AE55E8E8}.Release|Any CPU.ActiveCfg = Release|Any CPU
		{6EA45D0E-D52D-4068-BB49-07A3AE55E8E8}.Release|Any CPU.Build.0 = Release|Any CPU
		{7F39E2F2-7CED-430E-BC21-1AAF8FC3EED3}.Debug|Any CPU.ActiveCfg = Debug|Any CPU
		{7F39E2F2-7CED-430E-BC21-1AAF8FC3EED3}.Debug|Any CPU.Build.0 = Debug|Any CPU
		{7F39E2F2-7CED-430E-BC21-1AAF8FC3EED3}.Release|Any CPU.ActiveCfg = Release|Any CPU
		{7F39E2F2-7CED-430E-BC21-1AAF8FC3EED3}.Release|Any CPU.Build.0 = Release|Any CPU
		{744732FE-2F1E-4C23-AF7F-5D34B4992513}.Debug|Any CPU.ActiveCfg = Debug|Any CPU
		{744732FE-2F1E-4C23-AF7F-5D34B4992513}.Debug|Any CPU.Build.0 = Debug|Any CPU
		{744732FE-2F1E-4C23-AF7F-5D34B4992513}.Release|Any CPU.ActiveCfg = Release|Any CPU
		{744732FE-2F1E-4C23-AF7F-5D34B4992513}.Release|Any CPU.Build.0 = Release|Any CPU
	EndGlobalSection
	GlobalSection(SolutionProperties) = preSolution
		HideSolutionNode = FALSE
	EndGlobalSection
	GlobalSection(ExtensibilityGlobals) = postSolution
		SolutionGuid = {89ECE5BF-4B19-4F52-B045-CA2A95014414}
	EndGlobalSection
EndGlobal
